
Microsoft Visual Studio Solution File, Format Version 12.00
# Visual Studio Version 17
VisualStudioVersion = 17.5.2.0
MinimumVisualStudioVersion = 10.0.40219.1
Project("{FAE04EC0-301F-11D3-BF4B-00C04F79EFBC}") = "Demo.API", "Demo.API\Demo.API.csproj", "{73436008-AF15-4C2D-84CA-CFE9AE9E5B53}"
EndProject
Project("{FAE04EC0-301F-11D3-BF4B-00C04F79EFBC}") = "Demo.Consumer", "Demo.Consumer\Demo.Consumer.csproj", "{FCC03B94-256A-49A7-9058-AF7529A2170F}"
EndProject
Project("{FAE04EC0-301F-11D3-BF4B-00C04F79EFBC}") = "Demo.Contracts", "Demo.Contracts\Demo.Contracts.csproj", "{A83F2D25-79BF-42E1-8A4B-3635A8EE16FD}"
EndProject
Global
	GlobalSection(SolutionConfigurationPlatforms) = preSolution
		Debug|Any CPU = Debug|Any CPU
		Debug|x64 = Debug|x64
		Debug|x86 = Debug|x86
		Release|Any CPU = Release|Any CPU
		Release|x64 = Release|x64
		Release|x86 = Release|x86
	EndGlobalSection
	GlobalSection(ProjectConfigurationPlatforms) = postSolution
		{73436008-AF15-4C2D-84CA-CFE9AE9E5B53}.Debug|Any CPU.ActiveCfg = Debug|Any CPU
		{73436008-AF15-4C2D-84CA-CFE9AE9E5B53}.Debug|Any CPU.Build.0 = Debug|Any CPU
		{73436008-AF15-4C2D-84CA-CFE9AE9E5B53}.Debug|x64.ActiveCfg = Debug|Any CPU
		{73436008-AF15-4C2D-84CA-CFE9AE9E5B53}.Debug|x64.Build.0 = Debug|Any CPU
		{73436008-AF15-4C2D-84CA-CFE9AE9E5B53}.Debug|x86.ActiveCfg = Debug|Any CPU
		{73436008-AF15-4C2D-84CA-CFE9AE9E5B53}.Debug|x86.Build.0 = Debug|Any CPU
		{73436008-AF15-4C2D-84CA-CFE9AE9E5B53}.Release|Any CPU.ActiveCfg = Release|Any CPU
		{73436008-AF15-4C2D-84CA-CFE9AE9E5B53}.Release|Any CPU.Build.0 = Release|Any CPU
		{73436008-AF15-4C2D-84CA-CFE9AE9E5B53}.Release|x64.ActiveCfg = Release|Any CPU
		{73436008-AF15-4C2D-84CA-CFE9AE9E5B53}.Release|x64.Build.0 = Release|Any CPU
		{73436008-AF15-4C2D-84CA-CFE9AE9E5B53}.Release|x86.ActiveCfg = Release|Any CPU
		{73436008-AF15-4C2D-84CA-CFE9AE9E5B53}.Release|x86.Build.0 = Release|Any CPU
		{FCC03B94-256A-49A7-9058-AF7529A2170F}.Debug|Any CPU.ActiveCfg = Debug|Any CPU
		{FCC03B94-256A-49A7-9058-AF7529A2170F}.Debug|Any CPU.Build.0 = Debug|Any CPU
		{FCC03B94-256A-49A7-9058-AF7529A2170F}.Debug|x64.ActiveCfg = Debug|Any CPU
		{FCC03B94-256A-49A7-9058-AF7529A2170F}.Debug|x64.Build.0 = Debug|Any CPU
		{FCC03B94-256A-49A7-9058-AF7529A2170F}.Debug|x86.ActiveCfg = Debug|Any CPU
		{FCC03B94-256A-49A7-9058-AF7529A2170F}.Debug|x86.Build.0 = Debug|Any CPU
		{FCC03B94-256A-49A7-9058-AF7529A2170F}.Release|Any CPU.ActiveCfg = Release|Any CPU
		{FCC03B94-256A-49A7-9058-AF7529A2170F}.Release|Any CPU.Build.0 = Release|Any CPU
		{FCC03B94-256A-49A7-9058-AF7529A2170F}.Release|x64.ActiveCfg = Release|Any CPU
		{FCC03B94-256A-49A7-9058-AF7529A2170F}.Release|x64.Build.0 = Release|Any CPU
		{FCC03B94-256A-49A7-9058-AF7529A2170F}.Release|x86.ActiveCfg = Release|Any CPU
		{FCC03B94-256A-49A7-9058-AF7529A2170F}.Release|x86.Build.0 = Release|Any CPU
		{A83F2D25-79BF-42E1-8A4B-3635A8EE16FD}.Debug|Any CPU.ActiveCfg = Debug|Any CPU
		{A83F2D25-79BF-42E1-8A4B-3635A8EE16FD}.Debug|Any CPU.Build.0 = Debug|Any CPU
		{A83F2D25-79BF-42E1-8A4B-3635A8EE16FD}.Debug|x64.ActiveCfg = Debug|Any CPU
		{A83F2D25-79BF-42E1-8A4B-3635A8EE16FD}.Debug|x64.Build.0 = Debug|Any CPU
		{A83F2D25-79BF-42E1-8A4B-3635A8EE16FD}.Debug|x86.ActiveCfg = Debug|Any CPU
		{A83F2D25-79BF-42E1-8A4B-3635A8EE16FD}.Debug|x86.Build.0 = Debug|Any CPU
		{A83F2D25-79BF-42E1-8A4B-3635A8EE16FD}.Release|Any CPU.ActiveCfg = Release|Any CPU
		{A83F2D25-79BF-42E1-8A4B-3635A8EE16FD}.Release|Any CPU.Build.0 = Release|Any CPU
		{A83F2D25-79BF-42E1-8A4B-3635A8EE16FD}.Release|x64.ActiveCfg = Release|Any CPU
		{A83F2D25-79BF-42E1-8A4B-3635A8EE16FD}.Release|x64.Build.0 = Release|Any CPU
		{A83F2D25-79BF-42E1-8A4B-3635A8EE16FD}.Release|x86.ActiveCfg = Release|Any CPU
		{A83F2D25-79BF-42E1-8A4B-3635A8EE16FD}.Release|x86.Build.0 = Release|Any CPU
	EndGlobalSection
	GlobalSection(SolutionProperties) = preSolution
		HideSolutionNode = FALSE
	EndGlobalSection
	GlobalSection(ExtensibilityGlobals) = postSolution
		SolutionGuid = {2F34260D-614A-4555-A57B-FAF0D43F62DC}
	EndGlobalSection
EndGlobal
